
Microsoft Visual Studio Solution File, Format Version 12.00
# Visual Studio Version 16
VisualStudioVersion = 16.0.29519.87
MinimumVisualStudioVersion = 10.0.40219.1
Project("{FAE04EC0-301F-11D3-BF4B-00C04F79EFBC}") = "DemoWebJobApi", "DemoWebJobApi\DemoWebJobApi.csproj", "{2A00FD64-2E86-4DA5-A88E-81F7018BFAC6}"
EndProject
Project("{FAE04EC0-301F-11D3-BF4B-00C04F79EFBC}") = "WebJobVink", "WebJobVink\WebJobVink.csproj", "{D563AF32-39D0-44C9-AEC9-F864DA5EA4D9}"
EndProject
Global
	GlobalSection(SolutionConfigurationPlatforms) = preSolution
		Debug|Any CPU = Debug|Any CPU
		Release|Any CPU = Release|Any CPU
	EndGlobalSection
	GlobalSection(ProjectConfigurationPlatforms) = postSolution
		{2A00FD64-2E86-4DA5-A88E-81F7018BFAC6}.Debug|Any CPU.ActiveCfg = Debug|Any CPU
		{2A00FD64-2E86-4DA5-A88E-81F7018BFAC6}.Debug|Any CPU.Build.0 = Debug|Any CPU
		{2A00FD64-2E86-4DA5-A88E-81F7018BFAC6}.Release|Any CPU.ActiveCfg = Release|Any CPU
		{2A00FD64-2E86-4DA5-A88E-81F7018BFAC6}.Release|Any CPU.Build.0 = Release|Any CPU
		{D563AF32-39D0-44C9-AEC9-F864DA5EA4D9}.Debug|Any CPU.ActiveCfg = Debug|Any CPU
		{D563AF32-39D0-44C9-AEC9-F864DA5EA4D9}.Debug|Any CPU.Build.0 = Debug|Any CPU
		{D563AF32-39D0-44C9-AEC9-F864DA5EA4D9}.Release|Any CPU.ActiveCfg = Release|Any CPU
		{D563AF32-39D0-44C9-AEC9-F864DA5EA4D9}.Release|Any CPU.Build.0 = Release|Any CPU
	EndGlobalSection
	GlobalSection(SolutionProperties) = preSolution
		HideSolutionNode = FALSE
	EndGlobalSection
	GlobalSection(ExtensibilityGlobals) = postSolution
		SolutionGuid = {7676847F-ECF3-4FD6-B609-43552C936DF5}
	EndGlobalSection
EndGlobal
